Microsoft Visual Studio Solution File, Format Version 12.00
# Visual Studio 2012
Project("{FAE04EC0-301F-11D3-BF4B-00C04F79EFBC}") = "Undertale Empathy", "Undertale Empathy.csproj", "{D74FC056-8390-470F-A5E6-F7A1384C3927}"
EndProject
Global
	GlobalSection(SolutionConfigurationPlatforms) = preSolution
	Debug|Any CPU = Debug|Any CPU
	ExportDebug|Any CPU = ExportDebug|Any CPU
	ExportRelease|Any CPU = ExportRelease|Any CPU
	EndGlobalSection
	GlobalSection(ProjectConfigurationPlatforms) = postSolution
		{D74FC056-8390-470F-A5E6-F7A1384C3927}.Debug|Any CPU.ActiveCfg = Debug|Any CPU
		{D74FC056-8390-470F-A5E6-F7A1384C3927}.Debug|Any CPU.Build.0 = Debug|Any CPU
		{D74FC056-8390-470F-A5E6-F7A1384C3927}.ExportDebug|Any CPU.ActiveCfg = ExportDebug|Any CPU
		{D74FC056-8390-470F-A5E6-F7A1384C3927}.ExportDebug|Any CPU.Build.0 = ExportDebug|Any CPU
		{D74FC056-8390-470F-A5E6-F7A1384C3927}.ExportRelease|Any CPU.ActiveCfg = ExportRelease|Any CPU
		{D74FC056-8390-470F-A5E6-F7A1384C3927}.ExportRelease|Any CPU.Build.0 = ExportRelease|Any CPU
	EndGlobalSection
EndGlobal
